# THIS IS AN AUTOGENERATED FILE. DO NOT EDIT THIS FILE DIRECTLY.
# yarn lockfile v1


events@^3.0.0:
  version "3.3.0"
  resolved "https://registry.yarnpkg.com/events/-/events-3.3.0.tgz#31a95ad0a924e2d2c419a813aeb2c4e878ea7400"
  integrity sha512-mQw+2fkQbALzQ7V0MY0IqdnXNOeTtP4r0lN9z7AAawCXgqea7bDii20AYrIBrFd/Hx0M2Ocz6S111CaFkUcb0Q==

react-native-events@^1.0.21:
  version "1.0.21"
  resolved "https://registry.yarnpkg.com/react-native-events/-/react-native-events-1.0.21.tgz#d1fbe492a3321d09c630da5132dad10a5312b823"
  integrity sha512-qBolATOf+xzUkYOlOK3I4Nm/l6Y5vtng8dAM9TPHy170NSKKpsgirAnaCO82+nEkniEanm+Nb/cP4pFVPQAeaQ==
  dependencies:
    events "^3.0.0"
